
Microsoft Visual Studio Solution File, Format Version 12.00
# Visual Studio Version 16
VisualStudioVersion = 16.0.31129.286
MinimumVisualStudioVersion = 10.0.40219.1
Project("{FAE04EC0-301F-11D3-BF4B-00C04F79EFBC}") = "CompozaServerAPIs", "CompozaServerAPIs\CompozaServerAPIs.csproj", "{4CFFABF5-AC62-48D3-860F-CBB49A206659}"
EndProject
Global
	GlobalSection(SolutionConfigurationPlatforms) = preSolution
		Debug|Any CPU = Debug|Any CPU
		Release|Any CPU = Release|Any CPU
	EndGlobalSection
	GlobalSection(ProjectConfigurationPlatforms) = postSolution
		{4CFFABF5-AC62-48D3-860F-CBB49A206659}.Debug|Any CPU.ActiveCfg = Debug|Any CPU
		{4CFFABF5-AC62-48D3-860F-CBB49A206659}.Debug|Any CPU.Build.0 = Debug|Any CPU
		{4CFFABF5-AC62-48D3-860F-CBB49A206659}.Release|Any CPU.ActiveCfg = Release|Any CPU
		{4CFFABF5-AC62-48D3-860F-CBB49A206659}.Release|Any CPU.Build.0 = Release|Any CPU
	EndGlobalSection
	GlobalSection(SolutionProperties) = preSolution
		HideSolutionNode = FALSE
	EndGlobalSection
	GlobalSection(ExtensibilityGlobals) = postSolution
		SolutionGuid = {AB347FB3-3B05-41D2-81F7-EE459D934C17}
	EndGlobalSection
EndGlobal
